
Microsoft Visual Studio Solution File, Format Version 12.00
# Visual Studio Version 16
VisualStudioVersion = 16.0.30002.166
MinimumVisualStudioVersion = 10.0.40219.1
Project("{9A19103F-16F7-4668-BE54-9A1E7A4F7556}") = "protobuf-net.Proclaim", "protobuf-net.Proclaim\protobuf-net.Proclaim.csproj", "{5D9F6386-86DC-4771-9138-2E86E2C6DF17}"
EndProject
Project("{9A19103F-16F7-4668-BE54-9A1E7A4F7556}") = "protobuf-net.Proclaim.Tests", "protobuf-net.Proclaim.Tests\protobuf-net.Proclaim.Tests.csproj", "{8AE11A21-35E6-4D72-9357-A444996F3885}"
EndProject
Global
	GlobalSection(SolutionConfigurationPlatforms) = preSolution
		Debug|Any CPU = Debug|Any CPU
		Release|Any CPU = Release|Any CPU
	EndGlobalSection
	GlobalSection(ProjectConfigurationPlatforms) = postSolution
		{5D9F6386-86DC-4771-9138-2E86E2C6DF17}.Debug|Any CPU.ActiveCfg = Debug|Any CPU
		{5D9F6386-86DC-4771-9138-2E86E2C6DF17}.Debug|Any CPU.Build.0 = Debug|Any CPU
		{5D9F6386-86DC-4771-9138-2E86E2C6DF17}.Release|Any CPU.ActiveCfg = Release|Any CPU
		{5D9F6386-86DC-4771-9138-2E86E2C6DF17}.Release|Any CPU.Build.0 = Release|Any CPU
		{8AE11A21-35E6-4D72-9357-A444996F3885}.Debug|Any CPU.ActiveCfg = Debug|Any CPU
		{8AE11A21-35E6-4D72-9357-A444996F3885}.Debug|Any CPU.Build.0 = Debug|Any CPU
		{8AE11A21-35E6-4D72-9357-A444996F3885}.Release|Any CPU.ActiveCfg = Release|Any CPU
		{8AE11A21-35E6-4D72-9357-A444996F3885}.Release|Any CPU.Build.0 = Release|Any CPU
	EndGlobalSection
	GlobalSection(SolutionProperties) = preSolution
		HideSolutionNode = FALSE
	EndGlobalSection
	GlobalSection(ExtensibilityGlobals) = postSolution
		SolutionGuid = {BFFE914F-9D87-4BE9-AC93-696A1947A36D}
	EndGlobalSection
EndGlobal
